// !$*UTF8*$!
{
	archiveVersion = 1;
	classes = {
	};
	objectVersion = 50;
	objects = {

/* Begin PBXBuildFile section */
		81047A4B241F63A4000E848F /* main.cpp in Sources */ = {isa = PBXBuildFile; fileRef = 81047A4A241F63A4000E848F /* main.cpp */; };
		81047A56241F7363000E848F /* main.cpp in Sources */ = {isa = PBXBuildFile; fileRef = 81047A55241F7363000E848F /* main.cpp */; };
		81BADB3D241987C8009BB2E8 /* main.cpp in Sources */ = {isa = PBXBuildFile; fileRef = 81BADB3C241987C8009BB2E8 /* main.cpp */; };
		81BADB4A24198843009BB2E8 /* main.cpp in Sources */ = {isa = PBXBuildFile; fileRef = 81BADB4924198843009BB2E8 /* main.cpp */; };
		81BADB5524198D8F009BB2E8 /* main.cpp in Sources */ = {isa = PBXBuildFile; fileRef = 81BADB5424198D8F009BB2E8 /* main.cpp */; };
		81BADB60241BDAB9009BB2E8 /* main.cpp in Sources */ = {isa = PBXBuildFile; fileRef = 81BADB5F241BDAB9009BB2E8 /* main.cpp */; };
		81BADB6B241BEBEB009BB2E8 /* main.cpp in Sources */ = {isa = PBXBuildFile; fileRef = 81BADB6A241BEBEB009BB2E8 /* main.cpp */; };
/* End PBXBuildFile section */

/* Begin PBXCopyFilesBuildPhase section */
		81047A46241F63A4000E848F /* CopyFiles */ = {
			isa = PBXCopyFilesBuildPhase;
			buildActionMask = 2147483647;
			dstPath = /usr/share/man/man1/;
			dstSubfolderSpec = 0;
			files = (
			);
			runOnlyForDeploymentPostprocessing = 1;
		};
		81047A51241F7363000E848F /* CopyFiles */ = {
			isa = PBXCopyFilesBuildPhase;
			buildActionMask = 2147483647;
			dstPath = /usr/share/man/man1/;
			dstSubfolderSpec = 0;
			files = (
			);
			runOnlyForDeploymentPostprocessing = 1;
		};
		81BADB37241987C8009BB2E8 /* CopyFiles */ = {
			isa = PBXCopyFilesBuildPhase;
			buildActionMask = 2147483647;
			dstPath = /usr/share/man/man1/;
			dstSubfolderSpec = 0;
			files = (
			);
			runOnlyForDeploymentPostprocessing = 1;
		};
		81BADB4524198843009BB2E8 /* CopyFiles */ = {
			isa = PBXCopyFilesBuildPhase;
			buildActionMask = 2147483647;
			dstPath = /usr/share/man/man1/;
			dstSubfolderSpec = 0;
			files = (
			);
			runOnlyForDeploymentPostprocessing = 1;
		};
		81BADB5024198D8F009BB2E8 /* CopyFiles */ = {
			isa = PBXCopyFilesBuildPhase;
			buildActionMask = 2147483647;
			dstPath = /usr/share/man/man1/;
			dstSubfolderSpec = 0;
			files = (
			);
			runOnlyForDeploymentPostprocessing = 1;
		};
		81BADB5B241BDAB9009BB2E8 /* CopyFiles */ = {
			isa = PBXCopyFilesBuildPhase;
			buildActionMask = 2147483647;
			dstPath = /usr/share/man/man1/;
			dstSubfolderSpec = 0;
			files = (
			);
			runOnlyForDeploymentPostprocessing = 1;
		};
		81BADB66241BEBEB009BB2E8 /* CopyFiles */ = {
			isa = PBXCopyFilesBuildPhase;
			buildActionMask = 2147483647;
			dstPath = /usr/share/man/man1/;
			dstSubfolderSpec = 0;
			files = (
			);
			runOnlyForDeploymentPostprocessing = 1;
		};
/* End PBXCopyFilesBuildPhase section */

/* Begin PBXFileReference section */
		81047A48241F63A4000E848F /* 0005_Longest Palindromic Substring */ = {isa = PBXFileReference; explicitFileType = "compiled.mach-o.executable"; includeInIndex = 0; path = "0005_Longest Palindromic Substring"; sourceTree = BUILT_PRODUCTS_DIR; };
		81047A4A241F63A4000E848F /* main.cpp */ = {isa = PBXFileReference; lastKnownFileType = sourcecode.cpp.cpp; path = main.cpp; sourceTree = "<group>"; };
		81047A53241F7363000E848F /* 0006_ZigZag Conversion */ = {isa = PBXFileReference; explicitFileType = "compiled.mach-o.executable"; includeInIndex = 0; path = "0006_ZigZag Conversion"; sourceTree = BUILT_PRODUCTS_DIR; };
		81047A55241F7363000E848F /* main.cpp */ = {isa = PBXFileReference; lastKnownFileType = sourcecode.cpp.cpp; path = main.cpp; sourceTree = "<group>"; };
		81BADB39241987C8009BB2E8 /* C++(Leetcode) */ = {isa = PBXFileReference; explicitFileType = "compiled.mach-o.executable"; includeInIndex = 0; path = "C++(Leetcode)"; sourceTree = BUILT_PRODUCTS_DIR; };
		81BADB3C241987C8009BB2E8 /* main.cpp */ = {isa = PBXFileReference; lastKnownFileType = sourcecode.cpp.cpp; path = main.cpp; sourceTree = "<group>"; };
		81BADB4724198843009BB2E8 /* 0001_Two Sum */ = {isa = PBXFileReference; explicitFileType = "compiled.mach-o.executable"; includeInIndex = 0; path = "0001_Two Sum"; sourceTree = BUILT_PRODUCTS_DIR; };
		81BADB4924198843009BB2E8 /* main.cpp */ = {isa = PBXFileReference; lastKnownFileType = sourcecode.cpp.cpp; path = main.cpp; sourceTree = "<group>"; };
		81BADB5224198D8F009BB2E8 /* 0002_Add Two Numbers */ = {isa = PBXFileReference; explicitFileType = "compiled.mach-o.executable"; includeInIndex = 0; path = "0002_Add Two Numbers"; sourceTree = BUILT_PRODUCTS_DIR; };
		81BADB5424198D8F009BB2E8 /* main.cpp */ = {isa = PBXFileReference; lastKnownFileType = sourcecode.cpp.cpp; path = main.cpp; sourceTree = "<group>"; };
		81BADB5D241BDAB9009BB2E8 /* 0003_Longest Substring Without Repeating Characters */ = {isa = PBXFileReference; explicitFileType = "compiled.mach-o.executable"; includeInIndex = 0; path = "0003_Longest Substring Without Repeating Characters"; sourceTree = BUILT_PRODUCTS_DIR; };
		81BADB5F241BDAB9009BB2E8 /* main.cpp */ = {isa = PBXFileReference; lastKnownFileType = sourcecode.cpp.cpp; path = main.cpp; sourceTree = "<group>"; };
		81BADB68241BEBEB009BB2E8 /* 0004_Median of Two Sorted Arrays */ = {isa = PBXFileReference; explicitFileType = "compiled.mach-o.executable"; includeInIndex = 0; path = "0004_Median of Two Sorted Arrays"; sourceTree = BUILT_PRODUCTS_DIR; };
		81BADB6A241BEBEB009BB2E8 /* main.cpp */ = {isa = PBXFileReference; lastKnownFileType = sourcecode.cpp.cpp; path = main.cpp; sourceTree = "<group>"; };
/* End PBXFileReference section */

/* Begin PBXFrameworksBuildPhase section */
		81047A45241F63A4000E848F /* Frameworks */ = {
			isa = PBXFrameworksBuildPhase;
			buildActionMask = 2147483647;
			files = (
			);
			runOnlyForDeploymentPostprocessing = 0;
		};
		81047A50241F7363000E848F /* Frameworks */ = {
			isa = PBXFrameworksBuildPhase;
			buildActionMask = 2147483647;
			files = (
			);
			runOnlyForDeploymentPostprocessing = 0;
		};
		81BADB36241987C8009BB2E8 /* Frameworks */ = {
			isa = PBXFrameworksBuildPhase;
			buildActionMask = 2147483647;
			files = (
			);
			runOnlyForDeploymentPostprocessing = 0;
		};
		81BADB4424198843009BB2E8 /* Frameworks */ = {
			isa = PBXFrameworksBuildPhase;
			buildActionMask = 2147483647;
			files = (
			);
			runOnlyForDeploymentPostprocessing = 0;
		};
		81BADB4F24198D8F009BB2E8 /* Frameworks */ = {
			isa = PBXFrameworksBuildPhase;
			buildActionMask = 2147483647;
			files = (
			);
			runOnlyForDeploymentPostprocessing = 0;
		};
		81BADB5A241BDAB9009BB2E8 /* Frameworks */ = {
			isa = PBXFrameworksBuildPhase;
			buildActionMask = 2147483647;
			files = (
			);
			runOnlyForDeploymentPostprocessing = 0;
		};
		81BADB65241BEBEB009BB2E8 /* Frameworks */ = {
			isa = PBXFrameworksBuildPhase;
			buildActionMask = 2147483647;
			files = (
			);
			runOnlyForDeploymentPostprocessing = 0;
		};
/* End PBXFrameworksBuildPhase section */

/* Begin PBXGroup section */
		81047A49241F63A4000E848F /* 0005_Longest Palindromic Substring */ = {
			isa = PBXGroup;
			children = (
				81047A4A241F63A4000E848F /* main.cpp */,
			);
			path = "0005_Longest Palindromic Substring";
			sourceTree = "<group>";
		};
		81047A54241F7363000E848F /* 0006_ZigZag Conversion */ = {
			isa = PBXGroup;
			children = (
				81047A55241F7363000E848F /* main.cpp */,
			);
			path = "0006_ZigZag Conversion";
			sourceTree = "<group>";
		};
		81BADB30241987C8009BB2E8 = {
			isa = PBXGroup;
			children = (
				81BADB3B241987C8009BB2E8 /* test */,
				81BADB4824198843009BB2E8 /* 0001_Two Sum */,
				81BADB5324198D8F009BB2E8 /* 0002_Add Two Numbers */,
				81BADB5E241BDAB9009BB2E8 /* 0003_Longest Substring Without Repeating Characters */,
				81BADB69241BEBEB009BB2E8 /* 0004_Median of Two Sorted Arrays */,
				81047A49241F63A4000E848F /* 0005_Longest Palindromic Substring */,
				81047A54241F7363000E848F /* 0006_ZigZag Conversion */,
				81BADB3A241987C8009BB2E8 /* Products */,
			);
			sourceTree = "<group>";
		};
		81BADB3A241987C8009BB2E8 /* Products */ = {
			isa = PBXGroup;
			children = (
				81BADB39241987C8009BB2E8 /* C++(Leetcode) */,
				81BADB4724198843009BB2E8 /* 0001_Two Sum */,
				81BADB5224198D8F009BB2E8 /* 0002_Add Two Numbers */,
				81BADB5D241BDAB9009BB2E8 /* 0003_Longest Substring Without Repeating Characters */,
				81BADB68241BEBEB009BB2E8 /* 0004_Median of Two Sorted Arrays */,
				81047A48241F63A4000E848F /* 0005_Longest Palindromic Substring */,
				81047A53241F7363000E848F /* 0006_ZigZag Conversion */,
			);
			name = Products;
			sourceTree = "<group>";
		};
		81BADB3B241987C8009BB2E8 /* test */ = {
			isa = PBXGroup;
			children = (
				81BADB3C241987C8009BB2E8 /* main.cpp */,
			);
			path = test;
			sourceTree = "<group>";
		};
		81BADB4824198843009BB2E8 /* 0001_Two Sum */ = {
			isa = PBXGroup;
			children = (
				81BADB4924198843009BB2E8 /* main.cpp */,
			);
			path = "0001_Two Sum";
			sourceTree = "<group>";
		};
		81BADB5324198D8F009BB2E8 /* 0002_Add Two Numbers */ = {
			isa = PBXGroup;
			children = (
				81BADB5424198D8F009BB2E8 /* main.cpp */,
			);
			path = "0002_Add Two Numbers";
			sourceTree = "<group>";
		};
		81BADB5E241BDAB9009BB2E8 /* 0003_Longest Substring Without Repeating Characters */ = {
			isa = PBXGroup;
			children = (
				81BADB5F241BDAB9009BB2E8 /* main.cpp */,
			);
			path = "0003_Longest Substring Without Repeating Characters";
			sourceTree = "<group>";
		};
		81BADB69241BEBEB009BB2E8 /* 0004_Median of Two Sorted Arrays */ = {
			isa = PBXGroup;
			children = (
				81BADB6A241BEBEB009BB2E8 /* main.cpp */,
			);
			path = "0004_Median of Two Sorted Arrays";
			sourceTree = "<group>";
		};
/* End PBXGroup section */

/* Begin PBXNativeTarget section */
		81047A47241F63A4000E848F /* 0005_Longest Palindromic Substring */ = {
			isa = PBXNativeTarget;
			buildConfigurationList = 81047A4E241F63A4000E848F /* Build configuration list for PBXNativeTarget "0005_Longest Palindromic Substring" */;
			buildPhases = (
				81047A44241F63A4000E848F /* Sources */,
				81047A45241F63A4000E848F /* Frameworks */,
				81047A46241F63A4000E848F /* CopyFiles */,
			);
			buildRules = (
			);
			dependencies = (
			);
			name = "0005_Longest Palindromic Substring";
			productName = "0005_Longest Palindromic Substring";
			productReference = 81047A48241F63A4000E848F /* 0005_Longest Palindromic Substring */;
			productType = "com.apple.product-type.tool";
		};
		81047A52241F7363000E848F /* 0006_ZigZag Conversion */ = {
			isa = PBXNativeTarget;
			buildConfigurationList = 81047A57241F7363000E848F /* Build configuration list for PBXNativeTarget "0006_ZigZag Conversion" */;
			buildPhases = (
				81047A4F241F7363000E848F /* Sources */,
				81047A50241F7363000E848F /* Frameworks */,
				81047A51241F7363000E848F /* CopyFiles */,
			);
			buildRules = (
			);
			dependencies = (
			);
			name = "0006_ZigZag Conversion";
			productName = "0006_ZigZag Conversion";
			productReference = 81047A53241F7363000E848F /* 0006_ZigZag Conversion */;
			productType = "com.apple.product-type.tool";
		};
		81BADB38241987C8009BB2E8 /* C++(Leetcode) */ = {
			isa = PBXNativeTarget;
			buildConfigurationList = 81BADB40241987C8009BB2E8 /* Build configuration list for PBXNativeTarget "C++(Leetcode)" */;
			buildPhases = (
				81BADB35241987C8009BB2E8 /* Sources */,
				81BADB36241987C8009BB2E8 /* Frameworks */,
				81BADB37241987C8009BB2E8 /* CopyFiles */,
			);
			buildRules = (
			);
			dependencies = (
			);
			name = "C++(Leetcode)";
			productName = "C++(Leetcode)";
			productReference = 81BADB39241987C8009BB2E8 /* C++(Leetcode) */;
			productType = "com.apple.product-type.tool";
		};
		81BADB4624198843009BB2E8 /* 0001_Two Sum */ = {
			isa = PBXNativeTarget;
			buildConfigurationList = 81BADB4B24198843009BB2E8 /* Build configuration list for PBXNativeTarget "0001_Two Sum" */;
			buildPhases = (
				81BADB4324198843009BB2E8 /* Sources */,
				81BADB4424198843009BB2E8 /* Frameworks */,
				81BADB4524198843009BB2E8 /* CopyFiles */,
			);
			buildRules = (
			);
			dependencies = (
			);
			name = "0001_Two Sum";
			productName = "0001_Two Sum";
			productReference = 81BADB4724198843009BB2E8 /* 0001_Two Sum */;
			productType = "com.apple.product-type.tool";
		};
		81BADB5124198D8F009BB2E8 /* 0002_Add Two Numbers */ = {
			isa = PBXNativeTarget;
			buildConfigurationList = 81BADB5824198D8F009BB2E8 /* Build configuration list for PBXNativeTarget "0002_Add Two Numbers" */;
			buildPhases = (
				81BADB4E24198D8F009BB2E8 /* Sources */,
				81BADB4F24198D8F009BB2E8 /* Frameworks */,
				81BADB5024198D8F009BB2E8 /* CopyFiles */,
			);
			buildRules = (
			);
			dependencies = (
			);
			name = "0002_Add Two Numbers";
			productName = "0002_Add Two Numbers";
			productReference = 81BADB5224198D8F009BB2E8 /* 0002_Add Two Numbers */;
			productType = "com.apple.product-type.tool";
		};
		81BADB5C241BDAB9009BB2E8 /* 0003_Longest Substring Without Repeating Characters */ = {
			isa = PBXNativeTarget;
			buildConfigurationList = 81BADB63241BDAB9009BB2E8 /* Build configuration list for PBXNativeTarget "0003_Longest Substring Without Repeating Characters" */;
			buildPhases = (
				81BADB59241BDAB9009BB2E8 /* Sources */,
				81BADB5A241BDAB9009BB2E8 /* Frameworks */,
				81BADB5B241BDAB9009BB2E8 /* CopyFiles */,
			);
			buildRules = (
			);
			dependencies = (
			);
			name = "0003_Longest Substring Without Repeating Characters";
			productName = "0003_Longest Substring Without Repeating Characters";
			productReference = 81BADB5D241BDAB9009BB2E8 /* 0003_Longest Substring Without Repeating Characters */;
			productType = "com.apple.product-type.tool";
		};
		81BADB67241BEBEB009BB2E8 /* 0004_Median of Two Sorted Arrays */ = {
			isa = PBXNativeTarget;
			buildConfigurationList = 81BADB6C241BEBEB009BB2E8 /* Build configuration list for PBXNativeTarget "0004_Median of Two Sorted Arrays" */;
			buildPhases = (
				81BADB64241BEBEB009BB2E8 /* Sources */,
				81BADB65241BEBEB009BB2E8 /* Frameworks */,
				81BADB66241BEBEB009BB2E8 /* CopyFiles */,
			);
			buildRules = (
			);
			dependencies = (
			);
			name = "0004_Median of Two Sorted Arrays";
			productName = "0004_Median of Two Sorted Arrays";
			productReference = 81BADB68241BEBEB009BB2E8 /* 0004_Median of Two Sorted Arrays */;
			productType = "com.apple.product-type.tool";
		};
/* End PBXNativeTarget section */

/* Begin PBXProject section */
		81BADB31241987C8009BB2E8 /* Project object */ = {
			isa = PBXProject;
			attributes = {
				LastUpgradeCheck = 1130;
				ORGANIZATIONNAME = nihaopeng;
				TargetAttributes = {
					81047A47241F63A4000E848F = {
						CreatedOnToolsVersion = 11.3.1;
					};
					81047A52241F7363000E848F = {
						CreatedOnToolsVersion = 11.3.1;
					};
					81BADB38241987C8009BB2E8 = {
						CreatedOnToolsVersion = 11.3.1;
					};
					81BADB4624198843009BB2E8 = {
						CreatedOnToolsVersion = 11.3.1;
					};
					81BADB5124198D8F009BB2E8 = {
						CreatedOnToolsVersion = 11.3.1;
					};
					81BADB5C241BDAB9009BB2E8 = {
						CreatedOnToolsVersion = 11.3.1;
					};
					81BADB67241BEBEB009BB2E8 = {
						CreatedOnToolsVersion = 11.3.1;
					};
				};
			};
			buildConfigurationList = 81BADB34241987C8009BB2E8 /* Build configuration list for PBXProject "C++(Leetcode)" */;
			compatibilityVersion = "Xcode 9.3";
			developmentRegion = en;
			hasScannedForEncodings = 0;
			knownRegions = (
				en,
				Base,
			);
			mainGroup = 81BADB30241987C8009BB2E8;
			productRefGroup = 81BADB3A241987C8009BB2E8 /* Products */;
			projectDirPath = "";
			projectRoot = "";
			targets = (
				81BADB38241987C8009BB2E8 /* C++(Leetcode) */,
				81BADB4624198843009BB2E8 /* 0001_Two Sum */,
				81BADB5124198D8F009BB2E8 /* 0002_Add Two Numbers */,
				81BADB5C241BDAB9009BB2E8 /* 0003_Longest Substring Without Repeating Characters */,
				81BADB67241BEBEB009BB2E8 /* 0004_Median of Two Sorted Arrays */,
				81047A47241F63A4000E848F /* 0005_Longest Palindromic Substring */,
				81047A52241F7363000E848F /* 0006_ZigZag Conversion */,
			);
		};
/* End PBXProject section */

/* Begin PBXSourcesBuildPhase section */
		81047A44241F63A4000E848F /* Sources */ = {
			isa = PBXSourcesBuildPhase;
			buildActionMask = 2147483647;
			files = (
				81047A4B241F63A4000E848F /* main.cpp in Sources */,
			);
			runOnlyForDeploymentPostprocessing = 0;
		};
		81047A4F241F7363000E848F /* Sources */ = {
			isa = PBXSourcesBuildPhase;
			buildActionMask = 2147483647;
			files = (
				81047A56241F7363000E848F /* main.cpp in Sources */,
			);
			runOnlyForDeploymentPostprocessing = 0;
		};
		81BADB35241987C8009BB2E8 /* Sources */ = {
			isa = PBXSourcesBuildPhase;
			buildActionMask = 2147483647;
			files = (
				81BADB3D241987C8009BB2E8 /* main.cpp in Sources */,
			);
			runOnlyForDeploymentPostprocessing = 0;
		};
		81BADB4324198843009BB2E8 /* Sources */ = {
			isa = PBXSourcesBuildPhase;
			buildActionMask = 2147483647;
			files = (
				81BADB4A24198843009BB2E8 /* main.cpp in Sources */,
			);
			runOnlyForDeploymentPostprocessing = 0;
		};
		81BADB4E24198D8F009BB2E8 /* Sources */ = {
			isa = PBXSourcesBuildPhase;
			buildActionMask = 2147483647;
			files = (
				81BADB5524198D8F009BB2E8 /* main.cpp in Sources */,
			);
			runOnlyForDeploymentPostprocessing = 0;
		};
		81BADB59241BDAB9009BB2E8 /* Sources */ = {
			isa = PBXSourcesBuildPhase;
			buildActionMask = 2147483647;
			files = (
				81BADB60241BDAB9009BB2E8 /* main.cpp in Sources */,
			);
			runOnlyForDeploymentPostprocessing = 0;
		};
		81BADB64241BEBEB009BB2E8 /* Sources */ = {
			isa = PBXSourcesBuildPhase;
			buildActionMask = 2147483647;
			files = (
				81BADB6B241BEBEB009BB2E8 /* main.cpp in Sources */,
			);
			runOnlyForDeploymentPostprocessing = 0;
		};
/* End PBXSourcesBuildPhase section */

/* Begin XCBuildConfiguration section */
		81047A4C241F63A4000E848F /* Debug */ = {
			isa = XCBuildConfiguration;
			buildSettings = {
				CODE_SIGN_STYLE = Automatic;
				PRODUCT_NAME = "$(TARGET_NAME)";
			};
			name = Debug;
		};
		81047A4D241F63A4000E848F /* Release */ = {
			isa = XCBuildConfiguration;
			buildSettings = {
				CODE_SIGN_STYLE = Automatic;
				PRODUCT_NAME = "$(TARGET_NAME)";
			};
			name = Release;
		};
		81047A58241F7363000E848F /* Debug */ = {
			isa = XCBuildConfiguration;
			buildSettings = {
				CODE_SIGN_STYLE = Automatic;
				PRODUCT_NAME = "$(TARGET_NAME)";
			};
			name = Debug;
		};
		81047A59241F7363000E848F /* Release */ = {
			isa = XCBuildConfiguration;
			buildSettings = {
				CODE_SIGN_STYLE = Automatic;
				PRODUCT_NAME = "$(TARGET_NAME)";
			};
			name = Release;
		};
		81BADB3E241987C8009BB2E8 /* Debug */ = {
			isa = XCBuildConfiguration;
			buildSettings = {
				ALWAYS_SEARCH_USER_PATHS = NO;
				CLANG_ANALYZER_NONNULL = YES;
				CLANG_ANALYZER_NUMBER_OBJECT_CONVERSION = YES_AGGRESSIVE;
				CLANG_CXX_LANGUAGE_STANDARD = "gnu++14";
				CLANG_CXX_LIBRARY = "libc++";
				CLANG_ENABLE_MODULES = YES;
				CLANG_ENABLE_OBJC_ARC = YES;
				CLANG_ENABLE_OBJC_WEAK = YES;
				CLANG_WARN_BLOCK_CAPTURE_AUTORELEASING = YES;
				CLANG_WARN_BOOL_CONVERSION = YES;
				CLANG_WARN_COMMA = YES;
				CLANG_WARN_CONSTANT_CONVERSION = YES;
				CLANG_WARN_DEPRECATED_OBJC_IMPLEMENTATIONS = YES;
				CLANG_WARN_DIRECT_OBJC_ISA_USAGE = YES_ERROR;
				CLANG_WARN_DOCUMENTATION_COMMENTS = YES;
				CLANG_WARN_EMPTY_BODY = YES;
				CLANG_WARN_ENUM_CONVERSION = YES;
				CLANG_WARN_INFINITE_RECURSION = YES;
				CLANG_WARN_INT_CONVERSION = YES;
				CLANG_WARN_NON_LITERAL_NULL_CONVERSION = YES;
				CLANG_WARN_OBJC_IMPLICIT_RETAIN_SELF = YES;
				CLANG_WARN_OBJC_LITERAL_CONVERSION = YES;
				CLANG_WARN_OBJC_ROOT_CLASS = YES_ERROR;
				CLANG_WARN_RANGE_LOOP_ANALYSIS = YES;
				CLANG_WARN_STRICT_PROTOTYPES = YES;
				CLANG_WARN_SUSPICIOUS_MOVE = YES;
				CLANG_WARN_UNGUARDED_AVAILABILITY = YES_AGGRESSIVE;
				CLANG_WARN_UNREACHABLE_CODE = YES;
				CLANG_WARN__DUPLICATE_METHOD_MATCH = YES;
				COPY_PHASE_STRIP = NO;
				DEBUG_INFORMATION_FORMAT = dwarf;
				ENABLE_STRICT_OBJC_MSGSEND = YES;
				ENABLE_TESTABILITY = YES;
				GCC_C_LANGUAGE_STANDARD = gnu11;
				GCC_DYNAMIC_NO_PIC = NO;
				GCC_NO_COMMON_BLOCKS = YES;
				GCC_OPTIMIZATION_LEVEL = 0;
				GCC_PREPROCESSOR_DEFINITIONS = (
					"DEBUG=1",
					"$(inherited)",
				);
				GCC_WARN_64_TO_32_BIT_CONVERSION = YES;
				GCC_WARN_ABOUT_RETURN_TYPE = YES_ERROR;
				GCC_WARN_UNDECLARED_SELECTOR = YES;
				GCC_WARN_UNINITIALIZED_AUTOS = YES_AGGRESSIVE;
				GCC_WARN_UNUSED_FUNCTION = YES;
				GCC_WARN_UNUSED_VARIABLE = YES;
				MACOSX_DEPLOYMENT_TARGET = 10.15;
				MTL_ENABLE_DEBUG_INFO = INCLUDE_SOURCE;
				MTL_FAST_MATH = YES;
				ONLY_ACTIVE_ARCH = YES;
				SDKROOT = macosx;
			};
			name = Debug;
		};
		81BADB3F241987C8009BB2E8 /* Release */ = {
			isa = XCBuildConfiguration;
			buildSettings = {
				ALWAYS_SEARCH_USER_PATHS = NO;
				CLANG_ANALYZER_NONNULL = YES;
				CLANG_ANALYZER_NUMBER_OBJECT_CONVERSION = YES_AGGRESSIVE;
				CLANG_CXX_LANGUAGE_STANDARD = "gnu++14";
				CLANG_CXX_LIBRARY = "libc++";
				CLANG_ENABLE_MODULES = YES;
				CLANG_ENABLE_OBJC_ARC = YES;
				CLANG_ENABLE_OBJC_WEAK = YES;
				CLANG_WARN_BLOCK_CAPTURE_AUTORELEASING = YES;
				CLANG_WARN_BOOL_CONVERSION = YES;
				CLANG_WARN_COMMA = YES;
				CLANG_WARN_CONSTANT_CONVERSION = YES;
				CLANG_WARN_DEPRECATED_OBJC_IMPLEMENTATIONS = YES;
				CLANG_WARN_DIRECT_OBJC_ISA_USAGE = YES_ERROR;
				CLANG_WARN_DOCUMENTATION_COMMENTS = YES;
				CLANG_WARN_EMPTY_BODY = YES;
				CLANG_WARN_ENUM_CONVERSION = YES;
				CLANG_WARN_INFINITE_RECURSION = YES;
				CLANG_WARN_INT_CONVERSION = YES;
				CLANG_WARN_NON_LITERAL_NULL_CONVERSION = YES;
				CLANG_WARN_OBJC_IMPLICIT_RETAIN_SELF = YES;
				CLANG_WARN_OBJC_LITERAL_CONVERSION = YES;
				CLANG_WARN_OBJC_ROOT_CLASS = YES_ERROR;
				CLANG_WARN_RANGE_LOOP_ANALYSIS = YES;
				CLANG_WARN_STRICT_PROTOTYPES = YES;
				CLANG_WARN_SUSPICIOUS_MOVE = YES;
				CLANG_WARN_UNGUARDED_AVAILABILITY = YES_AGGRESSIVE;
				CLANG_WARN_UNREACHABLE_CODE = YES;
				CLANG_WARN__DUPLICATE_METHOD_MATCH = YES;
				COPY_PHASE_STRIP = NO;
				DEBUG_INFORMATION_FORMAT = "dwarf-with-dsym";
				ENABLE_NS_ASSERTIONS = NO;
				ENABLE_STRICT_OBJC_MSGSEND = YES;
				GCC_C_LANGUAGE_STANDARD = gnu11;
				GCC_NO_COMMON_BLOCKS = YES;
				GCC_WARN_64_TO_32_BIT_CONVERSION = YES;
				GCC_WARN_ABOUT_RETURN_TYPE = YES_ERROR;
				GCC_WARN_UNDECLARED_SELECTOR = YES;
				GCC_WARN_UNINITIALIZED_AUTOS = YES_AGGRESSIVE;
				GCC_WARN_UNUSED_FUNCTION = YES;
				GCC_WARN_UNUSED_VARIABLE = YES;
				MACOSX_DEPLOYMENT_TARGET = 10.15;
				MTL_ENABLE_DEBUG_INFO = NO;
				MTL_FAST_MATH = YES;
				SDKROOT = macosx;
			};
			name = Release;
		};
		81BADB41241987C8009BB2E8 /* Debug */ = {
			isa = XCBuildConfiguration;
			buildSettings = {
				CODE_SIGN_STYLE = Automatic;
				PRODUCT_NAME = "$(TARGET_NAME)";
			};
			name = Debug;
		};
		81BADB42241987C8009BB2E8 /* Release */ = {
			isa = XCBuildConfiguration;
			buildSettings = {
				CODE_SIGN_STYLE = Automatic;
				PRODUCT_NAME = "$(TARGET_NAME)";
			};
			name = Release;
		};
		81BADB4C24198843009BB2E8 /* Debug */ = {
			isa = XCBuildConfiguration;
			buildSettings = {
				CODE_SIGN_STYLE = Automatic;
				PRODUCT_NAME = "$(TARGET_NAME)";
			};
			name = Debug;
		};
		81BADB4D24198843009BB2E8 /* Release */ = {
			isa = XCBuildConfiguration;
			buildSettings = {
				CODE_SIGN_STYLE = Automatic;
				PRODUCT_NAME = "$(TARGET_NAME)";
			};
			name = Release;
		};
		81BADB5624198D8F009BB2E8 /* Debug */ = {
			isa = XCBuildConfiguration;
			buildSettings = {
				CODE_SIGN_STYLE = Automatic;
				PRODUCT_NAME = "$(TARGET_NAME)";
			};
			name = Debug;
		};
		81BADB5724198D8F009BB2E8 /* Release */ = {
			isa = XCBuildConfiguration;
			buildSettings = {
				CODE_SIGN_STYLE = Automatic;
				PRODUCT_NAME = "$(TARGET_NAME)";
			};
			name = Release;
		};
		81BADB61241BDAB9009BB2E8 /* Debug */ = {
			isa = XCBuildConfiguration;
			buildSettings = {
				CODE_SIGN_STYLE = Automatic;
				PRODUCT_NAME = "$(TARGET_NAME)";
			};
			name = Debug;
		};
		81BADB62241BDAB9009BB2E8 /* Release */ = {
			isa = XCBuildConfiguration;
			buildSettings = {
				CODE_SIGN_STYLE = Automatic;
				PRODUCT_NAME = "$(TARGET_NAME)";
			};
			name = Release;
		};
		81BADB6D241BEBEB009BB2E8 /* Debug */ = {
			isa = XCBuildConfiguration;
			buildSettings = {
				CODE_SIGN_STYLE = Automatic;
				PRODUCT_NAME = "$(TARGET_NAME)";
			};
			name = Debug;
		};
		81BADB6E241BEBEB009BB2E8 /* Release */ = {
			isa = XCBuildConfiguration;
			buildSettings = {
				CODE_SIGN_STYLE = Automatic;
				PRODUCT_NAME = "$(TARGET_NAME)";
			};
			name = Release;
		};
/* End XCBuildConfiguration section */

/* Begin XCConfigurationList section */
		81047A4E241F63A4000E848F /* Build configuration list for PBXNativeTarget "0005_Longest Palindromic Substring" */ = {
			isa = XCConfigurationList;
			buildConfigurations = (
				81047A4C241F63A4000E848F /* Debug */,
				81047A4D241F63A4000E848F /* Release */,
			);
			defaultConfigurationIsVisible = 0;
			defaultConfigurationName = Release;
		};
		81047A57241F7363000E848F /* Build configuration list for PBXNativeTarget "0006_ZigZag Conversion" */ = {
			isa = XCConfigurationList;
			buildConfigurations = (
				81047A58241F7363000E848F /* Debug */,
				81047A59241F7363000E848F /* Release */,
			);
			defaultConfigurationIsVisible = 0;
			defaultConfigurationName = Release;
		};
		81BADB34241987C8009BB2E8 /* Build configuration list for PBXProject "C++(Leetcode)" */ = {
			isa = XCConfigurationList;
			buildConfigurations = (
				81BADB3E241987C8009BB2E8 /* Debug */,
				81BADB3F241987C8009BB2E8 /* Release */,
			);
			defaultConfigurationIsVisible = 0;
			defaultConfigurationName = Release;
		};
		81BADB40241987C8009BB2E8 /* Build configuration list for PBXNativeTarget "C++(Leetcode)" */ = {
			isa = XCConfigurationList;
			buildConfigurations = (
				81BADB41241987C8009BB2E8 /* Debug */,
				81BADB42241987C8009BB2E8 /* Release */,
			);
			defaultConfigurationIsVisible = 0;
			defaultConfigurationName = Release;
		};
		81BADB4B24198843009BB2E8 /* Build configuration list for PBXNativeTarget "0001_Two Sum" */ = {
			isa = XCConfigurationList;
			buildConfigurations = (
				81BADB4C24198843009BB2E8 /* Debug */,
				81BADB4D24198843009BB2E8 /* Release */,
			);
			defaultConfigurationIsVisible = 0;
			defaultConfigurationName = Release;
		};
		81BADB5824198D8F009BB2E8 /* Build configuration list for PBXNativeTarget "0002_Add Two Numbers" */ = {
			isa = XCConfigurationList;
			buildConfigurations = (
				81BADB5624198D8F009BB2E8 /* Debug */,
				81BADB5724198D8F009BB2E8 /* Release */,
			);
			defaultConfigurationIsVisible = 0;
			defaultConfigurationName = Release;
		};
		81BADB63241BDAB9009BB2E8 /* Build configuration list for PBXNativeTarget "0003_Longest Substring Without Repeating Characters" */ = {
			isa = XCConfigurationList;
			buildConfigurations = (
				81BADB61241BDAB9009BB2E8 /* Debug */,
				81BADB62241BDAB9009BB2E8 /* Release */,
			);
			defaultConfigurationIsVisible = 0;
			defaultConfigurationName = Release;
		};
		81BADB6C241BEBEB009BB2E8 /* Build configuration list for PBXNativeTarget "0004_Median of Two Sorted Arrays" */ = {
			isa = XCConfigurationList;
			buildConfigurations = (
				81BADB6D241BEBEB009BB2E8 /* Debug */,
				81BADB6E241BEBEB009BB2E8 /* Release */,
			);
			defaultConfigurationIsVisible = 0;
			defaultConfigurationName = Release;
		};
/* End XCConfigurationList section */
	};
	rootObject = 81BADB31241987C8009BB2E8 /* Project object */;
}
